
Microsoft Visual Studio Solution File, Format Version 11.00
# Visual Studio 2010
Project("{FAE04EC0-301F-11D3-BF4B-00C04F79EFBC}") = "Assembly-CSharp", "Assembly-CSharp.csproj", "{bd9f0eec-0e34-9b4c-dc9a-dcafc4cd6563}"
EndProject
Project("{FAE04EC0-301F-11D3-BF4B-00C04F79EFBC}") = "Assembly-CSharp-Editor", "Assembly-CSharp-Editor.csproj", "{260a535d-b2e2-9643-1622-f7e021fa104b}"
EndProject
Global
	GlobalSection(SolutionConfigurationPlatforms) = preSolution
		Debug|Any CPU = Debug|Any CPU
	EndGlobalSection
	GlobalSection(ProjectConfigurationPlatforms) = postSolution
		{bd9f0eec-0e34-9b4c-dc9a-dcafc4cd6563}.Debug|Any CPU.ActiveCfg = Debug|Any CPU
		{bd9f0eec-0e34-9b4c-dc9a-dcafc4cd6563}.Debug|Any CPU.Build.0 = Debug|Any CPU
		{260a535d-b2e2-9643-1622-f7e021fa104b}.Debug|Any CPU.ActiveCfg = Debug|Any CPU
		{260a535d-b2e2-9643-1622-f7e021fa104b}.Debug|Any CPU.Build.0 = Debug|Any CPU
	EndGlobalSection
	GlobalSection(SolutionProperties) = preSolution
		HideSolutionNode = FALSE
	EndGlobalSection
EndGlobal
