
Microsoft Visual Studio Solution File, Format Version 11.00
# Visual Studio 2010
Project("{FAE04EC0-301F-11D3-BF4B-00C04F79EFBC}") = "Assembly-CSharp", "Assembly-CSharp.csproj", "{EC0E9FBD-340E-4C9B-DC9A-DCAFC4CD6563}"
EndProject
Project("{FAE04EC0-301F-11D3-BF4B-00C04F79EFBC}") = "Assembly-CSharp-Editor", "Assembly-CSharp-Editor.csproj", "{5D530A26-E2B2-4396-1622-F7E021FA104B}"
EndProject
Global
	GlobalSection(SolutionConfigurationPlatforms) = preSolution
		Debug|Any CPU = Debug|Any CPU
		Release|Any CPU = Release|Any CPU
	EndGlobalSection
	GlobalSection(ProjectConfigurationPlatforms) = postSolution
		{EC0E9FBD-340E-4C9B-DC9A-DCAFC4CD6563}.Debug|Any CPU.ActiveCfg = Debug|Any CPU
		{EC0E9FBD-340E-4C9B-DC9A-DCAFC4CD6563}.Debug|Any CPU.Build.0 = Debug|Any CPU
		{EC0E9FBD-340E-4C9B-DC9A-DCAFC4CD6563}.Release|Any CPU.ActiveCfg = Release|Any CPU
		{EC0E9FBD-340E-4C9B-DC9A-DCAFC4CD6563}.Release|Any CPU.Build.0 = Release|Any CPU
		{5D530A26-E2B2-4396-1622-F7E021FA104B}.Debug|Any CPU.ActiveCfg = Debug|Any CPU
		{5D530A26-E2B2-4396-1622-F7E021FA104B}.Debug|Any CPU.Build.0 = Debug|Any CPU
		{5D530A26-E2B2-4396-1622-F7E021FA104B}.Release|Any CPU.ActiveCfg = Release|Any CPU
		{5D530A26-E2B2-4396-1622-F7E021FA104B}.Release|Any CPU.Build.0 = Release|Any CPU
	EndGlobalSection
	GlobalSection(SolutionProperties) = preSolution
		HideSolutionNode = FALSE
	EndGlobalSection
EndGlobal
